
Microsoft Visual Studio Solution File, Format Version 12.00
# Visual Studio Version 16
VisualStudioVersion = 16.0.31205.134
MinimumVisualStudioVersion = 10.0.40219.1
Project("{FAE04EC0-301F-11D3-BF4B-00C04F79EFBC}") = "EvoApp", "EvoApp\EvoApp.csproj", "{67DF2EB6-226F-4E0B-8D7B-67B2A225FA4E}"
EndProject
Global
	GlobalSection(SolutionConfigurationPlatforms) = preSolution
		Debug|Any CPU = Debug|Any CPU
		Release|Any CPU = Release|Any CPU
	EndGlobalSection
	GlobalSection(ProjectConfigurationPlatforms) = postSolution
		{67DF2EB6-226F-4E0B-8D7B-67B2A225FA4E}.Debug|Any CPU.ActiveCfg = Debug|Any CPU
		{67DF2EB6-226F-4E0B-8D7B-67B2A225FA4E}.Debug|Any CPU.Build.0 = Debug|Any CPU
		{67DF2EB6-226F-4E0B-8D7B-67B2A225FA4E}.Release|Any CPU.ActiveCfg = Release|Any CPU
		{67DF2EB6-226F-4E0B-8D7B-67B2A225FA4E}.Release|Any CPU.Build.0 = Release|Any CPU
	EndGlobalSection
	GlobalSection(SolutionProperties) = preSolution
		HideSolutionNode = FALSE
	EndGlobalSection
	GlobalSection(ExtensibilityGlobals) = postSolution
		SolutionGuid = {060C00F6-007E-4FA9-BB9C-AF8CDA8969F5}
	EndGlobalSection
EndGlobal
